PODS:
  - Firebase/Core (4.0.3):
    - FirebaseAnalytics (= 4.0.2)
    - FirebaseCore (= 4.0.3)
  - Firebase/Database (4.0.3):
    - Firebase/Core
    - FirebaseDatabase (= 4.0.0)
  - Firebase/Messaging (4.0.3):
    - Firebase/Core
    - FirebaseMessaging (= 2.0.0)
  - Firebase/Storage (4.0.3):
    - Firebase/Core
    - FirebaseStorage (= 2.0.0)
  - FirebaseAnalytics (4.0.2):
    - FirebaseCore (~> 4.0)
    - FirebaseInstanceID (~> 2.0)
    - GoogleToolboxForMac/NSData+zlib (~> 2.1)
  - FirebaseCore (4.0.3):
    - GoogleToolboxForMac/NSData+zlib (~> 2.1)
  - FirebaseDatabase (4.0.0):
    - FirebaseAnalytics (~> 4.0)
  - FirebaseInstanceID (2.0.0):
    - FirebaseCore (~> 4.0)
  - FirebaseMessaging (2.0.0):
    - FirebaseAnalytics (~> 4.0)
    - FirebaseCore (~> 4.0)
    - FirebaseInstanceID (~> 2.0)
    - GoogleToolboxForMac/Logger (~> 2.1)
    - Protobuf (~> 3.1)
  - FirebaseStorage (2.0.0):
    - FirebaseAnalytics (~> 4.0)
    - FirebaseCore (~> 4.0)
    - GTMSessionFetcher/Core (~> 1.1)
  - GoogleMaps (2.3.1):
    - GoogleMaps/Maps (= 2.3.1)
  - GoogleMaps/Base (2.3.1)
  - GoogleMaps/Maps (2.3.1):
    - GoogleMaps/Base
  - GooglePlaces (2.3.1):
    - GoogleMaps/Base (= 2.3.1)
  - GoogleToolboxForMac/Defines (2.1.1)
  - GoogleToolboxForMac/Logger (2.1.1):
    - GoogleToolboxForMac/Defines (= 2.1.1)
  - GoogleToolboxForMac/NSData+zlib (2.1.1):
    - GoogleToolboxForMac/Defines (= 2.1.1)
  - GTMSessionFetcher/Core (1.1.10)
  - NullSafe (1.2.2)
  - Protobuf (3.3.0)
  - XLPagerTabStrip (7.0.0)

DEPENDENCIES:
  - Firebase/Core
  - Firebase/Database
  - Firebase/Messaging
  - Firebase/Storage
  - GoogleMaps
  - GooglePlaces
  - NullSafe
  - XLPagerTabStrip (~> 7.0)

SPEC CHECKSUMS:
  Firebase: 9e33fdfbca37cab635c693883caa90a4475b842b
  FirebaseAnalytics: ad41720e3e67fc63fbe3d2948d3e26932a8de311
  FirebaseCore: c709067051de07bdaffdc4e735cd7299a23c463a
  FirebaseDatabase: d829b3a8c3e2ac7a16773c5df226966b0805dfc2
  FirebaseInstanceID: 9fbf536668f4d3f0880e7438456dabd1376e294b
  FirebaseMessaging: 227406c05b0dc9290702d2e9f18ab5528f0c2cf2
  FirebaseStorage: 8110a1ed2034c8fbfd83890d2acc9cdbbd99afec
  GoogleMaps: c66a71058b9b1294bcdd5463a68e357fa50c079f
  GooglePlaces: 4a7b22debfa1af65017b82943431822607e45201
  GoogleToolboxForMac: 8e329f1b599f2512c6b10676d45736bcc2cbbeb0
  GTMSessionFetcher: 30d874b96d0d76028f61fbd122801e3f030d47db
  NullSafe: cbf1f77a24558e49bc76e2673f31250d3087c792
  Protobuf: d582fecf68201eac3d79ed61369ef45734394b9c
  XLPagerTabStrip: 9be80a66c6b7d60306b2c0a6004965016d68f813

PODFILE CHECKSUM: 35782bc984276091e5a6d62e2c5c6614e703180a

COCOAPODS: 1.2.1
